// !$*UTF8*$!
{
	archiveVersion = 1;
	classes = {
	};
	objectVersion = 46;
	objects = {

/* Begin PBXBuildFile section */
		233159BC1DD9632E00DFCFB9 /* CardViewController.swift in Sources */ = {isa = PBXBuildFile; fileRef = 233159BB1DD9632E00DFCFB9 /* CardViewController.swift */; };
		233159BE1DD970CA00DFCFB9 /* ListViewController.swift in Sources */ = {isa = PBXBuildFile; fileRef = 233159BD1DD970CA00DFCFB9 /* ListViewController.swift */; };
		23358D021DC82F1900B99C06 /* AppDelegate.swift in Sources */ = {isa = PBXBuildFile; fileRef = 23358D011DC82F1900B99C06 /* AppDelegate.swift */; };
		23358D041DC82F1900B99C06 /* BoardViewController.swift in Sources */ = {isa = PBXBuildFile; fileRef = 23358D031DC82F1900B99C06 /* BoardViewController.swift */; };
		23358D071DC82F1900B99C06 /* Main.storyboard in Resources */ = {isa = PBXBuildFile; fileRef = 23358D051DC82F1900B99C06 /* Main.storyboard */; };
		23358D091DC82F1900B99C06 /* Assets.xcassets in Resources */ = {isa = PBXBuildFile; fileRef = 23358D081DC82F1900B99C06 /* Assets.xcassets */; };
		23358D0C1DC82F1900B99C06 /* LaunchScreen.storyboard in Resources */ = {isa = PBXBuildFile; fileRef = 23358D0A1DC82F1900B99C06 /* LaunchScreen.storyboard */; };
		23358D141DC832F300B99C06 /* TrelloAPI.swift in Sources */ = {isa = PBXBuildFile; fileRef = 23358D131DC832F300B99C06 /* TrelloAPI.swift */; };
		23CE30ED1DDA376F0034B9DC /* CardDetailViewController.swift in Sources */ = {isa = PBXBuildFile; fileRef = 23CE30EC1DDA376F0034B9DC /* CardDetailViewController.swift */; };
/* End PBXBuildFile section */

/* Begin PBXFileReference section */
		233159BB1DD9632E00DFCFB9 /* CardViewController.swift */ = {isa = PBXFileReference; fileEncoding = 4; lastKnownFileType = sourcecode.swift; path = CardViewController.swift; sourceTree = "<group>"; };
		233159BD1DD970CA00DFCFB9 /* ListViewController.swift */ = {isa = PBXFileReference; fileEncoding = 4; lastKnownFileType = sourcecode.swift; name = ListViewController.swift; path = ../ListViewController.swift; sourceTree = "<group>"; };
		23358CFE1DC82F1900B99C06 /* iTrello.app */ = {isa = PBXFileReference; explicitFileType = wrapper.application; includeInIndex = 0; path = iTrello.app; sourceTree = BUILT_PRODUCTS_DIR; };
		23358D011DC82F1900B99C06 /* AppDelegate.swift */ = {isa = PBXFileReference; lastKnownFileType = sourcecode.swift; path = AppDelegate.swift; sourceTree = "<group>"; };
		23358D031DC82F1900B99C06 /* BoardViewController.swift */ = {isa = PBXFileReference; lastKnownFileType = sourcecode.swift; path = BoardViewController.swift; sourceTree = "<group>"; };
		23358D061DC82F1900B99C06 /* Base */ = {isa = PBXFileReference; lastKnownFileType = file.storyboard; name = Base; path = Base.lproj/Main.storyboard; sourceTree = "<group>"; };
		23358D081DC82F1900B99C06 /* Assets.xcassets */ = {isa = PBXFileReference; lastKnownFileType = folder.assetcatalog; path = Assets.xcassets; sourceTree = "<group>"; };
		23358D0B1DC82F1900B99C06 /* Base */ = {isa = PBXFileReference; lastKnownFileType = file.storyboard; name = Base; path = Base.lproj/LaunchScreen.storyboard; sourceTree = "<group>"; };
		23358D0D1DC82F1900B99C06 /* Info.plist */ = {isa = PBXFileReference; lastKnownFileType = text.plist.xml; path = Info.plist; sourceTree = "<group>"; };
		23358D131DC832F300B99C06 /* TrelloAPI.swift */ = {isa = PBXFileReference; fileEncoding = 4; lastKnownFileType = sourcecode.swift; path = TrelloAPI.swift; sourceTree = "<group>"; };
		23CE30EC1DDA376F0034B9DC /* CardDetailViewController.swift */ = {isa = PBXFileReference; fileEncoding = 4; lastKnownFileType = sourcecode.swift; path = CardDetailViewController.swift; sourceTree = "<group>"; };
/* End PBXFileReference section */

/* Begin PBXFrameworksBuildPhase section */
		23358CFB1DC82F1900B99C06 /* Frameworks */ = {
			isa = PBXFrameworksBuildPhase;
			buildActionMask = 2147483647;
			files = (
			);
			runOnlyForDeploymentPostprocessing = 0;
		};
/* End PBXFrameworksBuildPhase section */

/* Begin PBXGroup section */
		23358CF51DC82F1900B99C06 = {
			isa = PBXGroup;
			children = (
				23358D131DC832F300B99C06 /* TrelloAPI.swift */,
				23358D001DC82F1900B99C06 /* iTrello */,
				23358CFF1DC82F1900B99C06 /* Products */,
			);
			sourceTree = "<group>";
		};
		23358CFF1DC82F1900B99C06 /* Products */ = {
			isa = PBXGroup;
			children = (
				23358CFE1DC82F1900B99C06 /* iTrello.app */,
			);
			name = Products;
			sourceTree = "<group>";
		};
		23358D001DC82F1900B99C06 /* iTrello */ = {
			isa = PBXGroup;
			children = (
				23358D011DC82F1900B99C06 /* AppDelegate.swift */,
				23358D031DC82F1900B99C06 /* BoardViewController.swift */,
				233159BD1DD970CA00DFCFB9 /* ListViewController.swift */,
				233159BB1DD9632E00DFCFB9 /* CardViewController.swift */,
				23CE30EC1DDA376F0034B9DC /* CardDetailViewController.swift */,
				23358D051DC82F1900B99C06 /* Main.storyboard */,
				23358D081DC82F1900B99C06 /* Assets.xcassets */,
				23358D0A1DC82F1900B99C06 /* LaunchScreen.storyboard */,
				23358D0D1DC82F1900B99C06 /* Info.plist */,
			);
			path = iTrello;
			sourceTree = "<group>";
		};
/* End PBXGroup section */

/* Begin PBXNativeTarget section */
		23358CFD1DC82F1900B99C06 /* iTrello */ = {
			isa = PBXNativeTarget;
			buildConfigurationList = 23358D101DC82F1900B99C06 /* Build configuration list for PBXNativeTarget "iTrello" */;
			buildPhases = (
				23358CFA1DC82F1900B99C06 /* Sources */,
				23358CFB1DC82F1900B99C06 /* Frameworks */,
				23358CFC1DC82F1900B99C06 /* Resources */,
			);
			buildRules = (
			);
			dependencies = (
			);
			name = iTrello;
			productName = iTrello;
			productReference = 23358CFE1DC82F1900B99C06 /* iTrello.app */;
			productType = "com.apple.product-type.application";
		};
/* End PBXNativeTarget section */

/* Begin PBXProject section */
		23358CF61DC82F1900B99C06 /* Project object */ = {
			isa = PBXProject;
			attributes = {
				LastSwiftUpdateCheck = 0730;
				LastUpgradeCheck = 0730;
				ORGANIZATIONNAME = ismoresimpler;
				TargetAttributes = {
					23358CFD1DC82F1900B99C06 = {
						CreatedOnToolsVersion = 7.3.1;
					};
				};
			};
			buildConfigurationList = 23358CF91DC82F1900B99C06 /* Build configuration list for PBXProject "iTrello" */;
			compatibilityVersion = "Xcode 3.2";
			developmentRegion = English;
			hasScannedForEncodings = 0;
			knownRegions = (
				en,
				Base,
			);
			mainGroup = 23358CF51DC82F1900B99C06;
			productRefGroup = 23358CFF1DC82F1900B99C06 /* Products */;
			projectDirPath = "";
			projectRoot = "";
			targets = (
				23358CFD1DC82F1900B99C06 /* iTrello */,
			);
		};
/* End PBXProject section */

/* Begin PBXResourcesBuildPhase section */
		23358CFC1DC82F1900B99C06 /* Resources */ = {
			isa = PBXResourcesBuildPhase;
			buildActionMask = 2147483647;
			files = (
				23358D0C1DC82F1900B99C06 /* LaunchScreen.storyboard in Resources */,
				23358D091DC82F1900B99C06 /* Assets.xcassets in Resources */,
				23358D071DC82F1900B99C06 /* Main.storyboard in Resources */,
			);
			runOnlyForDeploymentPostprocessing = 0;
		};
/* End PBXResourcesBuildPhase section */

/* Begin PBXSourcesBuildPhase section */
		23358CFA1DC82F1900B99C06 /* Sources */ = {
			isa = PBXSourcesBuildPhase;
			buildActionMask = 2147483647;
			files = (
				23358D141DC832F300B99C06 /* TrelloAPI.swift in Sources */,
				23CE30ED1DDA376F0034B9DC /* CardDetailViewController.swift in Sources */,
				23358D041DC82F1900B99C06 /* BoardViewController.swift in Sources */,
				233159BC1DD9632E00DFCFB9 /* CardViewController.swift in Sources */,
				233159BE1DD970CA00DFCFB9 /* ListViewController.swift in Sources */,
				23358D021DC82F1900B99C06 /* AppDelegate.swift in Sources */,
			);
			runOnlyForDeploymentPostprocessing = 0;
		};
/* End PBXSourcesBuildPhase section */

/* Begin PBXVariantGroup section */
		23358D051DC82F1900B99C06 /* Main.storyboard */ = {
			isa = PBXVariantGroup;
			children = (
				23358D061DC82F1900B99C06 /* Base */,
			);
			name = Main.storyboard;
			sourceTree = "<group>";
		};
		23358D0A1DC82F1900B99C06 /* LaunchScreen.storyboard */ = {
			isa = PBXVariantGroup;
			children = (
				23358D0B1DC82F1900B99C06 /* Base */,
			);
			name = LaunchScreen.storyboard;
			sourceTree = "<group>";
		};
/* End PBXVariantGroup section */

/* Begin XCBuildConfiguration section */
		23358D0E1DC82F1900B99C06 /* Debug */ = {
			isa = XCBuildConfiguration;
			buildSettings = {
				ALWAYS_SEARCH_USER_PATHS = NO;
				CLANG_ANALYZER_NONNULL = YES;
				CLANG_CXX_LANGUAGE_STANDARD = "gnu++0x";
				CLANG_CXX_LIBRARY = "libc++";
				CLANG_ENABLE_MODULES = YES;
				CLANG_ENABLE_OBJC_ARC = YES;
				CLANG_WARN_BOOL_CONVERSION = YES;
				CLANG_WARN_CONSTANT_CONVERSION = YES;
				CLANG_WARN_DIRECT_OBJC_ISA_USAGE = YES_ERROR;
				CLANG_WARN_EMPTY_BODY = YES;
				CLANG_WARN_ENUM_CONVERSION = YES;
				CLANG_WARN_INT_CONVERSION = YES;
				CLANG_WARN_OBJC_ROOT_CLASS = YES_ERROR;
				CLANG_WARN_UNREACHABLE_CODE = YES;
				CLANG_WARN__DUPLICATE_METHOD_MATCH = YES;
				"CODE_SIGN_IDENTITY[sdk=iphoneos*]" = "iPhone Developer";
				COPY_PHASE_STRIP = NO;
				DEBUG_INFORMATION_FORMAT = dwarf;
				ENABLE_STRICT_OBJC_MSGSEND = YES;
				ENABLE_TESTABILITY = YES;
				GCC_C_LANGUAGE_STANDARD = gnu99;
				GCC_DYNAMIC_NO_PIC = NO;
				GCC_NO_COMMON_BLOCKS = YES;
				GCC_OPTIMIZATION_LEVEL = 0;
				GCC_PREPROCESSOR_DEFINITIONS = (
					"DEBUG=1",
					"$(inherited)",
				);
				GCC_WARN_64_TO_32_BIT_CONVERSION = YES;
				GCC_WARN_ABOUT_RETURN_TYPE = YES_ERROR;
				GCC_WARN_UNDECLARED_SELECTOR = YES;
				GCC_WARN_UNINITIALIZED_AUTOS = YES_AGGRESSIVE;
				GCC_WARN_UNUSED_FUNCTION = YES;
				GCC_WARN_UNUSED_VARIABLE = YES;
				IPHONEOS_DEPLOYMENT_TARGET = 9.3;
				MTL_ENABLE_DEBUG_INFO = YES;
				ONLY_ACTIVE_ARCH = YES;
				SDKROOT = iphoneos;
				SWIFT_OPTIMIZATION_LEVEL = "-Onone";
				TARGETED_DEVICE_FAMILY = "1,2";
			};
			name = Debug;
		};
		23358D0F1DC82F1900B99C06 /* Release */ = {
			isa = XCBuildConfiguration;
			buildSettings = {
				ALWAYS_SEARCH_USER_PATHS = NO;
				CLANG_ANALYZER_NONNULL = YES;
				CLANG_CXX_LANGUAGE_STANDARD = "gnu++0x";
				CLANG_CXX_LIBRARY = "libc++";
				CLANG_ENABLE_MODULES = YES;
				CLANG_ENABLE_OBJC_ARC = YES;
				CLANG_WARN_BOOL_CONVERSION = YES;
				CLANG_WARN_CONSTANT_CONVERSION = YES;
				CLANG_WARN_DIRECT_OBJC_ISA_USAGE = YES_ERROR;
				CLANG_WARN_EMPTY_BODY = YES;
				CLANG_WARN_ENUM_CONVERSION = YES;
				CLANG_WARN_INT_CONVERSION = YES;
				CLANG_WARN_OBJC_ROOT_CLASS = YES_ERROR;
				CLANG_WARN_UNREACHABLE_CODE = YES;
				CLANG_WARN__DUPLICATE_METHOD_MATCH = YES;
				"CODE_SIGN_IDENTITY[sdk=iphoneos*]" = "iPhone Developer";
				COPY_PHASE_STRIP = NO;
				DEBUG_INFORMATION_FORMAT = "dwarf-with-dsym";
				ENABLE_NS_ASSERTIONS = NO;
				ENABLE_STRICT_OBJC_MSGSEND = YES;
				GCC_C_LANGUAGE_STANDARD = gnu99;
				GCC_NO_COMMON_BLOCKS = YES;
				GCC_WARN_64_TO_32_BIT_CONVERSION = YES;
				GCC_WARN_ABOUT_RETURN_TYPE = YES_ERROR;
				GCC_WARN_UNDECLARED_SELECTOR = YES;
				GCC_WARN_UNINITIALIZED_AUTOS = YES_AGGRESSIVE;
				GCC_WARN_UNUSED_FUNCTION = YES;
				GCC_WARN_UNUSED_VARIABLE = YES;
				IPHONEOS_DEPLOYMENT_TARGET = 9.3;
				MTL_ENABLE_DEBUG_INFO = NO;
				SDKROOT = iphoneos;
				TARGETED_DEVICE_FAMILY = "1,2";
				VALIDATE_PRODUCT = YES;
			};
			name = Release;
		};
		23358D111DC82F1900B99C06 /* Debug */ = {
			isa = XCBuildConfiguration;
			buildSettings = {
				ASSETCATALOG_COMPILER_APPICON_NAME = AppIcon;
				INFOPLIST_FILE = iTrello/Info.plist;
				LD_RUNPATH_SEARCH_PATHS = "$(inherited) @executable_path/Frameworks";
				PRODUCT_BUNDLE_IDENTIFIER = com.ismoresimpler.iTrello;
				PRODUCT_NAME = "$(TARGET_NAME)";
			};
			name = Debug;
		};
		23358D121DC82F1900B99C06 /* Release */ = {
			isa = XCBuildConfiguration;
			buildSettings = {
				ASSETCATALOG_COMPILER_APPICON_NAME = AppIcon;
				INFOPLIST_FILE = iTrello/Info.plist;
				LD_RUNPATH_SEARCH_PATHS = "$(inherited) @executable_path/Frameworks";
				PRODUCT_BUNDLE_IDENTIFIER = com.ismoresimpler.iTrello;
				PRODUCT_NAME = "$(TARGET_NAME)";
			};
			name = Release;
		};
/* End XCBuildConfiguration section */

/* Begin XCConfigurationList section */
		23358CF91DC82F1900B99C06 /* Build configuration list for PBXProject "iTrello" */ = {
			isa = XCConfigurationList;
			buildConfigurations = (
				23358D0E1DC82F1900B99C06 /* Debug */,
				23358D0F1DC82F1900B99C06 /* Release */,
			);
			defaultConfigurationIsVisible = 0;
			defaultConfigurationName = Release;
		};
		23358D101DC82F1900B99C06 /* Build configuration list for PBXNativeTarget "iTrello" */ = {
			isa = XCConfigurationList;
			buildConfigurations = (
				23358D111DC82F1900B99C06 /* Debug */,
				23358D121DC82F1900B99C06 /* Release */,
			);
			defaultConfigurationIsVisible = 0;
			defaultConfigurationName = Release;
		};
/* End XCConfigurationList section */
	};
	rootObject = 23358CF61DC82F1900B99C06 /* Project object */;
}
